
Microsoft Visual Studio Solution File, Format Version 12.00
# Visual Studio Version 18
VisualStudioVersion = 18.1.11312.151
MinimumVisualStudioVersion = 10.0.40219.1
Project("{2150E333-8FDC-42A3-9474-1A3956D46DE8}") = "Src", "Src", "{1288B739-0BE5-4AA4-8122-832115907C1E}"
EndProject
Project("{2150E333-8FDC-42A3-9474-1A3956D46DE8}") = "Domain", "Domain", "{6211BC53-A609-431A-B4AB-C1377E6F76E9}"
EndProject
Project("{2150E333-8FDC-42A3-9474-1A3956D46DE8}") = "Infra", "Infra", "{1A9EB1D8-44F1-4BA5-8711-4C11BA69495B}"
EndProject
Project("{2150E333-8FDC-42A3-9474-1A3956D46DE8}") = "Application", "Application", "{590772BC-2AEA-4D6D-97EB-24E4BD4384B9}"
EndProject
Project("{2150E333-8FDC-42A3-9474-1A3956D46DE8}") = "Api", "Api", "{CA5CCD36-1265-469D-A2BC-76A05E720B55}"
EndProject
Project("{FAE04EC0-301F-11D3-BF4B-00C04F79EFBC}") = "Fin.API", "Src\Fin.API\Fin.API.csproj", "{C8E18EA3-524A-C3C2-11C0-1C27CE701934}"
EndProject
Project("{FAE04EC0-301F-11D3-BF4B-00C04F79EFBC}") = "Fin.Application", "Src\Fin.Application\Fin.Application.csproj", "{021BFB23-C3C3-9A00-75CB-5F2ADA9D83F6}"
EndProject
Project("{FAE04EC0-301F-11D3-BF4B-00C04F79EFBC}") = "Fin.Domain", "Src\Fin.Domain\Fin.Domain.csproj", "{0E02330A-1728-971A-FA43-B8A644188F59}"
EndProject
Project("{FAE04EC0-301F-11D3-BF4B-00C04F79EFBC}") = "Fin.Infra", "Src\Fin.Infra\Fin.Infra.csproj", "{CA03D998-A76B-EE3B-AA64-F7FF80FC51B2}"
EndProject
Project("{2150E333-8FDC-42A3-9474-1A3956D46DE8}") = "Tests", "Tests", "{181F7534-9F45-4FE0-AB2A-751291EAAE07}"
EndProject
Project("{2150E333-8FDC-42A3-9474-1A3956D46DE8}") = "API", "API", "{69D3FB04-F742-42F0-A4F9-C8879579C945}"
EndProject
Project("{2150E333-8FDC-42A3-9474-1A3956D46DE8}") = "Application", "Application", "{EEAEE60B-648D-4B4A-B66A-158BBA4692AF}"
EndProject
Project("{2150E333-8FDC-42A3-9474-1A3956D46DE8}") = "Infra", "Infra", "{F1DA24F3-1C36-47B5-B668-2E418A2E349E}"
EndProject
Project("{2150E333-8FDC-42A3-9474-1A3956D46DE8}") = "Domain", "Domain", "{50435B0B-D646-4B52-A520-D07BF3C2E4D9}"
EndProject
Project("{FAE04EC0-301F-11D3-BF4B-00C04F79EFBC}") = "Application.UnitTests", "Tests\Application.UnitTests\Application.UnitTests.csproj", "{8C8AF2FC-66F2-4CDF-83A1-BC2D7EC0EE35}"
EndProject
Global
	GlobalSection(SolutionConfigurationPlatforms) = preSolution
		Debug|Any CPU = Debug|Any CPU
		Release|Any CPU = Release|Any CPU
	EndGlobalSection
	GlobalSection(ProjectConfigurationPlatforms) = postSolution
		{C8E18EA3-524A-C3C2-11C0-1C27CE701934}.Debug|Any CPU.ActiveCfg = Debug|Any CPU
		{C8E18EA3-524A-C3C2-11C0-1C27CE701934}.Debug|Any CPU.Build.0 = Debug|Any CPU
		{C8E18EA3-524A-C3C2-11C0-1C27CE701934}.Release|Any CPU.ActiveCfg = Release|Any CPU
		{C8E18EA3-524A-C3C2-11C0-1C27CE701934}.Release|Any CPU.Build.0 = Release|Any CPU
		{021BFB23-C3C3-9A00-75CB-5F2ADA9D83F6}.Debug|Any CPU.ActiveCfg = Debug|Any CPU
		{021BFB23-C3C3-9A00-75CB-5F2ADA9D83F6}.Debug|Any CPU.Build.0 = Debug|Any CPU
		{021BFB23-C3C3-9A00-75CB-5F2ADA9D83F6}.Release|Any CPU.ActiveCfg = Release|Any CPU
		{021BFB23-C3C3-9A00-75CB-5F2ADA9D83F6}.Release|Any CPU.Build.0 = Release|Any CPU
		{0E02330A-1728-971A-FA43-B8A644188F59}.Debug|Any CPU.ActiveCfg = Debug|Any CPU
		{0E02330A-1728-971A-FA43-B8A644188F59}.Debug|Any CPU.Build.0 = Debug|Any CPU
		{0E02330A-1728-971A-FA43-B8A644188F59}.Release|Any CPU.ActiveCfg = Release|Any CPU
		{0E02330A-1728-971A-FA43-B8A644188F59}.Release|Any CPU.Build.0 = Release|Any CPU
		{CA03D998-A76B-EE3B-AA64-F7FF80FC51B2}.Debug|Any CPU.ActiveCfg = Debug|Any CPU
		{CA03D998-A76B-EE3B-AA64-F7FF80FC51B2}.Debug|Any CPU.Build.0 = Debug|Any CPU
		{CA03D998-A76B-EE3B-AA64-F7FF80FC51B2}.Release|Any CPU.ActiveCfg = Release|Any CPU
		{CA03D998-A76B-EE3B-AA64-F7FF80FC51B2}.Release|Any CPU.Build.0 = Release|Any CPU
		{8C8AF2FC-66F2-4CDF-83A1-BC2D7EC0EE35}.Debug|Any CPU.ActiveCfg = Debug|Any CPU
		{8C8AF2FC-66F2-4CDF-83A1-BC2D7EC0EE35}.Debug|Any CPU.Build.0 = Debug|Any CPU
		{8C8AF2FC-66F2-4CDF-83A1-BC2D7EC0EE35}.Release|Any CPU.ActiveCfg = Release|Any CPU
		{8C8AF2FC-66F2-4CDF-83A1-BC2D7EC0EE35}.Release|Any CPU.Build.0 = Release|Any CPU
	EndGlobalSection
	GlobalSection(SolutionProperties) = preSolution
		HideSolutionNode = FALSE
	EndGlobalSection
	GlobalSection(NestedProjects) = preSolution
		{6211BC53-A609-431A-B4AB-C1377E6F76E9} = {1288B739-0BE5-4AA4-8122-832115907C1E}
		{1A9EB1D8-44F1-4BA5-8711-4C11BA69495B} = {1288B739-0BE5-4AA4-8122-832115907C1E}
		{590772BC-2AEA-4D6D-97EB-24E4BD4384B9} = {1288B739-0BE5-4AA4-8122-832115907C1E}
		{CA5CCD36-1265-469D-A2BC-76A05E720B55} = {1288B739-0BE5-4AA4-8122-832115907C1E}
		{C8E18EA3-524A-C3C2-11C0-1C27CE701934} = {CA5CCD36-1265-469D-A2BC-76A05E720B55}
		{021BFB23-C3C3-9A00-75CB-5F2ADA9D83F6} = {590772BC-2AEA-4D6D-97EB-24E4BD4384B9}
		{0E02330A-1728-971A-FA43-B8A644188F59} = {6211BC53-A609-431A-B4AB-C1377E6F76E9}
		{CA03D998-A76B-EE3B-AA64-F7FF80FC51B2} = {1A9EB1D8-44F1-4BA5-8711-4C11BA69495B}
		{69D3FB04-F742-42F0-A4F9-C8879579C945} = {181F7534-9F45-4FE0-AB2A-751291EAAE07}
		{EEAEE60B-648D-4B4A-B66A-158BBA4692AF} = {181F7534-9F45-4FE0-AB2A-751291EAAE07}
		{F1DA24F3-1C36-47B5-B668-2E418A2E349E} = {181F7534-9F45-4FE0-AB2A-751291EAAE07}
		{50435B0B-D646-4B52-A520-D07BF3C2E4D9} = {181F7534-9F45-4FE0-AB2A-751291EAAE07}
		{8C8AF2FC-66F2-4CDF-83A1-BC2D7EC0EE35} = {EEAEE60B-648D-4B4A-B66A-158BBA4692AF}
	EndGlobalSection
	GlobalSection(ExtensibilityGlobals) = postSolution
		SolutionGuid = {5EB77C02-9692-4449-B0D6-1EE64B956BDB}
	EndGlobalSection
EndGlobal
