
Microsoft Visual Studio Solution File, Format Version 12.00
# Visual Studio Version 17
VisualStudioVersion = 17.14.36623.8
MinimumVisualStudioVersion = 10.0.40219.1
Project("{FAE04EC0-301F-11D3-BF4B-00C04F79EFBC}") = "fin-api", "fin-api.csproj", "{782412AC-5C39-CA1F-EA22-B1867717F4EF}"
EndProject
Global
	GlobalSection(SolutionConfigurationPlatforms) = preSolution
		Debug|Any CPU = Debug|Any CPU
		Release|Any CPU = Release|Any CPU
	EndGlobalSection
	GlobalSection(ProjectConfigurationPlatforms) = postSolution
		{782412AC-5C39-CA1F-EA22-B1867717F4EF}.Debug|Any CPU.ActiveCfg = Debug|Any CPU
		{782412AC-5C39-CA1F-EA22-B1867717F4EF}.Debug|Any CPU.Build.0 = Debug|Any CPU
		{782412AC-5C39-CA1F-EA22-B1867717F4EF}.Release|Any CPU.ActiveCfg = Release|Any CPU
		{782412AC-5C39-CA1F-EA22-B1867717F4EF}.Release|Any CPU.Build.0 = Release|Any CPU
	EndGlobalSection
	GlobalSection(SolutionProperties) = preSolution
		HideSolutionNode = FALSE
	EndGlobalSection
	GlobalSection(ExtensibilityGlobals) = postSolution
		SolutionGuid = {5EB77C02-9692-4449-B0D6-1EE64B956BDB}
	EndGlobalSection
EndGlobal
